
Microsoft Visual Studio Solution File, Format Version 12.00
# Visual Studio Version 16
VisualStudioVersion = 16.0.31005.135
MinimumVisualStudioVersion = 10.0.40219.1
Project("{FAE04EC0-301F-11D3-BF4B-00C04F79EFBC}") = "Calculator", "Calculator\Calculator.csproj", "{8446F8CA-1532-4F40-8BFB-F9C8AC1BBDE6}"
EndProject
Global
	GlobalSection(SolutionConfigurationPlatforms) = preSolution
		Debug|Any CPU = Debug|Any CPU
		Release|Any CPU = Release|Any CPU
	EndGlobalSection
	GlobalSection(ProjectConfigurationPlatforms) = postSolution
		{8446F8CA-1532-4F40-8BFB-F9C8AC1BBDE6}.Debug|Any CPU.ActiveCfg = Debug|Any CPU
		{8446F8CA-1532-4F40-8BFB-F9C8AC1BBDE6}.Debug|Any CPU.Build.0 = Debug|Any CPU
		{8446F8CA-1532-4F40-8BFB-F9C8AC1BBDE6}.Release|Any CPU.ActiveCfg = Release|Any CPU
		{8446F8CA-1532-4F40-8BFB-F9C8AC1BBDE6}.Release|Any CPU.Build.0 = Release|Any CPU
	EndGlobalSection
	GlobalSection(SolutionProperties) = preSolution
		HideSolutionNode = FALSE
	EndGlobalSection
	GlobalSection(ExtensibilityGlobals) = postSolution
		SolutionGuid = {4F7EDD06-151B-49B1-B8EA-1C1AAE4055DE}
	EndGlobalSection
EndGlobal
